
Microsoft Visual Studio Solution File, Format Version 12.00
# Visual Studio Version 17
VisualStudioVersion = 17.6.33829.357
MinimumVisualStudioVersion = 10.0.40219.1
Project("{FAE04EC0-301F-11D3-BF4B-00C04F79EFBC}") = "Sikker lagring  af  adgangskoder", "Sikker lagring  af  adgangskoder\Sikker lagring  af  adgangskoder.csproj", "{523CFCB9-C1CA-493F-B6AA-18565814D483}"
EndProject
Global
	GlobalSection(SolutionConfigurationPlatforms) = preSolution
		Debug|Any CPU = Debug|Any CPU
		Release|Any CPU = Release|Any CPU
	EndGlobalSection
	GlobalSection(ProjectConfigurationPlatforms) = postSolution
		{523CFCB9-C1CA-493F-B6AA-18565814D483}.Debug|Any CPU.ActiveCfg = Debug|Any CPU
		{523CFCB9-C1CA-493F-B6AA-18565814D483}.Debug|Any CPU.Build.0 = Debug|Any CPU
		{523CFCB9-C1CA-493F-B6AA-18565814D483}.Release|Any CPU.ActiveCfg = Release|Any CPU
		{523CFCB9-C1CA-493F-B6AA-18565814D483}.Release|Any CPU.Build.0 = Release|Any CPU
	EndGlobalSection
	GlobalSection(SolutionProperties) = preSolution
		HideSolutionNode = FALSE
	EndGlobalSection
	GlobalSection(ExtensibilityGlobals) = postSolution
		SolutionGuid = {EA3D6F50-BEC7-4AB1-AABA-1CEB5B7DF7B2}
	EndGlobalSection
EndGlobal
